// !$*UTF8*$!
{
	archiveVersion = 1;
	classes = {
	};
	objectVersion = 48;
	objects = {

/* Begin PBXBuildFile section */
		B362E8512048675800616FA2 /* AppDelegate.swift in Sources */ = {isa = PBXBuildFile; fileRef = B362E8502048675800616FA2 /* AppDelegate.swift */; };
		B362E8532048675800616FA2 /* ViewController.swift in Sources */ = {isa = PBXBuildFile; fileRef = B362E8522048675800616FA2 /* ViewController.swift */; };
		B362E8562048675800616FA2 /* Main.storyboard in Resources */ = {isa = PBXBuildFile; fileRef = B362E8542048675800616FA2 /* Main.storyboard */; };
		B362E8582048675800616FA2 /* Assets.xcassets in Resources */ = {isa = PBXBuildFile; fileRef = B362E8572048675800616FA2 /* Assets.xcassets */; };
		B362E85B2048675800616FA2 /* LaunchScreen.storyboard in Resources */ = {isa = PBXBuildFile; fileRef = B362E8592048675800616FA2 /* LaunchScreen.storyboard */; };
		B362E8662048675800616FA2 /* ChauchasTests.swift in Sources */ = {isa = PBXBuildFile; fileRef = B362E8652048675800616FA2 /* ChauchasTests.swift */; };
		B362E8712048675800616FA2 /* ChauchasUITests.swift in Sources */ = {isa = PBXBuildFile; fileRef = B362E8702048675800616FA2 /* ChauchasUITests.swift */; };
		B362E8802048679F00616FA2 /* Security.framework in Frameworks */ = {isa = PBXBuildFile; fileRef = B362E87F2048679F00616FA2 /* Security.framework */; };
		B37CD9FC204BA90E00236227 /* OrdenesTableViewController.swift in Sources */ = {isa = PBXBuildFile; fileRef = B37CD9FB204BA90E00236227 /* OrdenesTableViewController.swift */; };
		B37CD9FE204BA92300236227 /* OrdenesTableViewCell.swift in Sources */ = {isa = PBXBuildFile; fileRef = B37CD9FD204BA92300236227 /* OrdenesTableViewCell.swift */; };
		B37CDA00204BABB300236227 /* Orden.swift in Sources */ = {isa = PBXBuildFile; fileRef = B37CD9FF204BABB300236227 /* Orden.swift */; };
		B37CDA02204BAC4300236227 /* funciones.swift in Sources */ = {isa = PBXBuildFile; fileRef = B37CDA01204BAC4300236227 /* funciones.swift */; };
		B37CDA04204C3EC500236227 /* CrearOrdenLimitViewController.swift in Sources */ = {isa = PBXBuildFile; fileRef = B37CDA03204C3EC500236227 /* CrearOrdenLimitViewController.swift */; };
		B37CDA06204C86C900236227 /* CuentasViewController.swift in Sources */ = {isa = PBXBuildFile; fileRef = B37CDA05204C86C900236227 /* CuentasViewController.swift */; };
		B37CDA08204ED07F00236227 /* SaldoUIPickerView.swift in Sources */ = {isa = PBXBuildFile; fileRef = B37CDA07204ED07F00236227 /* SaldoUIPickerView.swift */; };
/* End PBXBuildFile section */

/* Begin PBXContainerItemProxy section */
		B362E8622048675800616FA2 /* PBXContainerItemProxy */ = {
			isa = PBXContainerItemProxy;
			containerPortal = B362E8452048675800616FA2 /* Project object */;
			proxyType = 1;
			remoteGlobalIDString = B362E84C2048675800616FA2;
			remoteInfo = Chauchas;
		};
		B362E86D2048675800616FA2 /* PBXContainerItemProxy */ = {
			isa = PBXContainerItemProxy;
			containerPortal = B362E8452048675800616FA2 /* Project object */;
			proxyType = 1;
			remoteGlobalIDString = B362E84C2048675800616FA2;
			remoteInfo = Chauchas;
		};
/* End PBXContainerItemProxy section */

/* Begin PBXFileReference section */
		B362E84D2048675800616FA2 /* Chauchas.app */ = {isa = PBXFileReference; explicitFileType = wrapper.application; includeInIndex = 0; path = Chauchas.app; sourceTree = BUILT_PRODUCTS_DIR; };
		B362E8502048675800616FA2 /* AppDelegate.swift */ = {isa = PBXFileReference; lastKnownFileType = sourcecode.swift; path = AppDelegate.swift; sourceTree = "<group>"; };
		B362E8522048675800616FA2 /* ViewController.swift */ = {isa = PBXFileReference; lastKnownFileType = sourcecode.swift; path = ViewController.swift; sourceTree = "<group>"; };
		B362E8552048675800616FA2 /* Base */ = {isa = PBXFileReference; lastKnownFileType = file.storyboard; name = Base; path = Base.lproj/Main.storyboard; sourceTree = "<group>"; };
		B362E8572048675800616FA2 /* Assets.xcassets */ = {isa = PBXFileReference; lastKnownFileType = folder.assetcatalog; path = Assets.xcassets; sourceTree = "<group>"; };
		B362E85A2048675800616FA2 /* Base */ = {isa = PBXFileReference; lastKnownFileType = file.storyboard; name = Base; path = Base.lproj/LaunchScreen.storyboard; sourceTree = "<group>"; };
		B362E85C2048675800616FA2 /* Info.plist */ = {isa = PBXFileReference; lastKnownFileType = text.plist.xml; path = Info.plist; sourceTree = "<group>"; };
		B362E8612048675800616FA2 /* ChauchasTests.xctest */ = {isa = PBXFileReference; explicitFileType = wrapper.cfbundle; includeInIndex = 0; path = ChauchasTests.xctest; sourceTree = BUILT_PRODUCTS_DIR; };
		B362E8652048675800616FA2 /* ChauchasTests.swift */ = {isa = PBXFileReference; lastKnownFileType = sourcecode.swift; path = ChauchasTests.swift; sourceTree = "<group>"; };
		B362E8672048675800616FA2 /* Info.plist */ = {isa = PBXFileReference; lastKnownFileType = text.plist.xml; path = Info.plist; sourceTree = "<group>"; };
		B362E86C2048675800616FA2 /* ChauchasUITests.xctest */ = {isa = PBXFileReference; explicitFileType = wrapper.cfbundle; includeInIndex = 0; path = ChauchasUITests.xctest; sourceTree = BUILT_PRODUCTS_DIR; };
		B362E8702048675800616FA2 /* ChauchasUITests.swift */ = {isa = PBXFileReference; lastKnownFileType = sourcecode.swift; path = ChauchasUITests.swift; sourceTree = "<group>"; };
		B362E8722048675800616FA2 /* Info.plist */ = {isa = PBXFileReference; lastKnownFileType = text.plist.xml; path = Info.plist; sourceTree = "<group>"; };
		B362E87F2048679F00616FA2 /* Security.framework */ = {isa = PBXFileReference; lastKnownFileType = wrapper.framework; name = Security.framework; path = System/Library/Frameworks/Security.framework; sourceTree = SDKROOT; };
		B362E8812048686900616FA2 /* Chauchas-Bridging-Header.h */ = {isa = PBXFileReference; lastKnownFileType = sourcecode.c.h; path = "Chauchas-Bridging-Header.h"; sourceTree = "<group>"; };
		B37CD9FB204BA90E00236227 /* OrdenesTableViewController.swift */ = {isa = PBXFileReference; lastKnownFileType = sourcecode.swift; path = OrdenesTableViewController.swift; sourceTree = "<group>"; };
		B37CD9FD204BA92300236227 /* OrdenesTableViewCell.swift */ = {isa = PBXFileReference; lastKnownFileType = sourcecode.swift; path = OrdenesTableViewCell.swift; sourceTree = "<group>"; };
		B37CD9FF204BABB300236227 /* Orden.swift */ = {isa = PBXFileReference; lastKnownFileType = sourcecode.swift; path = Orden.swift; sourceTree = "<group>"; };
		B37CDA01204BAC4300236227 /* funciones.swift */ = {isa = PBXFileReference; lastKnownFileType = sourcecode.swift; path = funciones.swift; sourceTree = "<group>"; };
		B37CDA03204C3EC500236227 /* CrearOrdenLimitViewController.swift */ = {isa = PBXFileReference; lastKnownFileType = sourcecode.swift; path = CrearOrdenLimitViewController.swift; sourceTree = "<group>"; };
		B37CDA05204C86C900236227 /* CuentasViewController.swift */ = {isa = PBXFileReference; lastKnownFileType = sourcecode.swift; path = CuentasViewController.swift; sourceTree = "<group>"; };
		B37CDA07204ED07F00236227 /* SaldoUIPickerView.swift */ = {isa = PBXFileReference; lastKnownFileType = sourcecode.swift; path = SaldoUIPickerView.swift; sourceTree = "<group>"; };
/* End PBXFileReference section */

/* Begin PBXFrameworksBuildPhase section */
		B362E84A2048675800616FA2 /* Frameworks */ = {
			isa = PBXFrameworksBuildPhase;
			buildActionMask = 2147483647;
			files = (
				B362E8802048679F00616FA2 /* Security.framework in Frameworks */,
			);
			runOnlyForDeploymentPostprocessing = 0;
		};
		B362E85E2048675800616FA2 /* Frameworks */ = {
			isa = PBXFrameworksBuildPhase;
			buildActionMask = 2147483647;
			files = (
			);
			runOnlyForDeploymentPostprocessing = 0;
		};
		B362E8692048675800616FA2 /* Frameworks */ = {
			isa = PBXFrameworksBuildPhase;
			buildActionMask = 2147483647;
			files = (
			);
			runOnlyForDeploymentPostprocessing = 0;
		};
/* End PBXFrameworksBuildPhase section */

/* Begin PBXGroup section */
		B362E8442048675800616FA2 = {
			isa = PBXGroup;
			children = (
				B362E84F2048675800616FA2 /* Chauchas */,
				B362E8642048675800616FA2 /* ChauchasTests */,
				B362E86F2048675800616FA2 /* ChauchasUITests */,
				B362E84E2048675800616FA2 /* Products */,
				B362E87E2048679F00616FA2 /* Frameworks */,
			);
			sourceTree = "<group>";
		};
		B362E84E2048675800616FA2 /* Products */ = {
			isa = PBXGroup;
			children = (
				B362E84D2048675800616FA2 /* Chauchas.app */,
				B362E8612048675800616FA2 /* ChauchasTests.xctest */,
				B362E86C2048675800616FA2 /* ChauchasUITests.xctest */,
			);
			name = Products;
			sourceTree = "<group>";
		};
		B362E84F2048675800616FA2 /* Chauchas */ = {
			isa = PBXGroup;
			children = (
				B362E8812048686900616FA2 /* Chauchas-Bridging-Header.h */,
				B362E85C2048675800616FA2 /* Info.plist */,
				B362E8572048675800616FA2 /* Assets.xcassets */,
				B362E8542048675800616FA2 /* Main.storyboard */,
				B362E8592048675800616FA2 /* LaunchScreen.storyboard */,
				B362E8502048675800616FA2 /* AppDelegate.swift */,
				B37CDA09204ED08700236227 /* Classes */,
				B37CD9FA204BA89400236227 /* Cells */,
				B37CD9F9204BA88B00236227 /* Controllers */,
				B37CD9FF204BABB300236227 /* Orden.swift */,
				B37CDA01204BAC4300236227 /* funciones.swift */,
			);
			path = Chauchas;
			sourceTree = "<group>";
		};
		B362E8642048675800616FA2 /* ChauchasTests */ = {
			isa = PBXGroup;
			children = (
				B362E8652048675800616FA2 /* ChauchasTests.swift */,
				B362E8672048675800616FA2 /* Info.plist */,
			);
			path = ChauchasTests;
			sourceTree = "<group>";
		};
		B362E86F2048675800616FA2 /* ChauchasUITests */ = {
			isa = PBXGroup;
			children = (
				B362E8702048675800616FA2 /* ChauchasUITests.swift */,
				B362E8722048675800616FA2 /* Info.plist */,
			);
			path = ChauchasUITests;
			sourceTree = "<group>";
		};
		B362E87E2048679F00616FA2 /* Frameworks */ = {
			isa = PBXGroup;
			children = (
				B362E87F2048679F00616FA2 /* Security.framework */,
			);
			name = Frameworks;
			sourceTree = "<group>";
		};
		B37CD9F9204BA88B00236227 /* Controllers */ = {
			isa = PBXGroup;
			children = (
				B362E8522048675800616FA2 /* ViewController.swift */,
				B37CD9FB204BA90E00236227 /* OrdenesTableViewController.swift */,
				B37CDA03204C3EC500236227 /* CrearOrdenLimitViewController.swift */,
				B37CDA05204C86C900236227 /* CuentasViewController.swift */,
			);
			path = Controllers;
			sourceTree = "<group>";
		};
		B37CD9FA204BA89400236227 /* Cells */ = {
			isa = PBXGroup;
			children = (
				B37CD9FD204BA92300236227 /* OrdenesTableViewCell.swift */,
			);
			path = Cells;
			sourceTree = "<group>";
		};
		B37CDA09204ED08700236227 /* Classes */ = {
			isa = PBXGroup;
			children = (
				B37CDA07204ED07F00236227 /* SaldoUIPickerView.swift */,
			);
			path = Classes;
			sourceTree = "<group>";
		};
/* End PBXGroup section */

/* Begin PBXNativeTarget section */
		B362E84C2048675800616FA2 /* Chauchas */ = {
			isa = PBXNativeTarget;
			buildConfigurationList = B362E8752048675900616FA2 /* Build configuration list for PBXNativeTarget "Chauchas" */;
			buildPhases = (
				B362E8492048675800616FA2 /* Sources */,
				B362E84A2048675800616FA2 /* Frameworks */,
				B362E84B2048675800616FA2 /* Resources */,
			);
			buildRules = (
			);
			dependencies = (
			);
			name = Chauchas;
			productName = Chauchas;
			productReference = B362E84D2048675800616FA2 /* Chauchas.app */;
			productType = "com.apple.product-type.application";
		};
		B362E8602048675800616FA2 /* ChauchasTests */ = {
			isa = PBXNativeTarget;
			buildConfigurationList = B362E8782048675900616FA2 /* Build configuration list for PBXNativeTarget "ChauchasTests" */;
			buildPhases = (
				B362E85D2048675800616FA2 /* Sources */,
				B362E85E2048675800616FA2 /* Frameworks */,
				B362E85F2048675800616FA2 /* Resources */,
			);
			buildRules = (
			);
			dependencies = (
				B362E8632048675800616FA2 /* PBXTargetDependency */,
			);
			name = ChauchasTests;
			productName = ChauchasTests;
			productReference = B362E8612048675800616FA2 /* ChauchasTests.xctest */;
			productType = "com.apple.product-type.bundle.unit-test";
		};
		B362E86B2048675800616FA2 /* ChauchasUITests */ = {
			isa = PBXNativeTarget;
			buildConfigurationList = B362E87B2048675900616FA2 /* Build configuration list for PBXNativeTarget "ChauchasUITests" */;
			buildPhases = (
				B362E8682048675800616FA2 /* Sources */,
				B362E8692048675800616FA2 /* Frameworks */,
				B362E86A2048675800616FA2 /* Resources */,
			);
			buildRules = (
			);
			dependencies = (
				B362E86E2048675800616FA2 /* PBXTargetDependency */,
			);
			name = ChauchasUITests;
			productName = ChauchasUITests;
			productReference = B362E86C2048675800616FA2 /* ChauchasUITests.xctest */;
			productType = "com.apple.product-type.bundle.ui-testing";
		};
/* End PBXNativeTarget section */

/* Begin PBXProject section */
		B362E8452048675800616FA2 /* Project object */ = {
			isa = PBXProject;
			attributes = {
				LastSwiftUpdateCheck = 0920;
				LastUpgradeCheck = 0920;
				ORGANIZATIONNAME = "Alvaro Galia Valenzuela";
				TargetAttributes = {
					B362E84C2048675800616FA2 = {
						CreatedOnToolsVersion = 9.2;
						LastSwiftMigration = 0920;
						ProvisioningStyle = Automatic;
					};
					B362E8602048675800616FA2 = {
						CreatedOnToolsVersion = 9.2;
						ProvisioningStyle = Automatic;
						TestTargetID = B362E84C2048675800616FA2;
					};
					B362E86B2048675800616FA2 = {
						CreatedOnToolsVersion = 9.2;
						ProvisioningStyle = Automatic;
						TestTargetID = B362E84C2048675800616FA2;
					};
				};
			};
			buildConfigurationList = B362E8482048675800616FA2 /* Build configuration list for PBXProject "Chauchas" */;
			compatibilityVersion = "Xcode 8.0";
			developmentRegion = en;
			hasScannedForEncodings = 0;
			knownRegions = (
				en,
				Base,
			);
			mainGroup = B362E8442048675800616FA2;
			productRefGroup = B362E84E2048675800616FA2 /* Products */;
			projectDirPath = "";
			projectRoot = "";
			targets = (
				B362E84C2048675800616FA2 /* Chauchas */,
				B362E8602048675800616FA2 /* ChauchasTests */,
				B362E86B2048675800616FA2 /* ChauchasUITests */,
			);
		};
/* End PBXProject section */

/* Begin PBXResourcesBuildPhase section */
		B362E84B2048675800616FA2 /* Resources */ = {
			isa = PBXResourcesBuildPhase;
			buildActionMask = 2147483647;
			files = (
				B362E85B2048675800616FA2 /* LaunchScreen.storyboard in Resources */,
				B362E8582048675800616FA2 /* Assets.xcassets in Resources */,
				B362E8562048675800616FA2 /* Main.storyboard in Resources */,
			);
			runOnlyForDeploymentPostprocessing = 0;
		};
		B362E85F2048675800616FA2 /* Resources */ = {
			isa = PBXResourcesBuildPhase;
			buildActionMask = 2147483647;
			files = (
			);
			runOnlyForDeploymentPostprocessing = 0;
		};
		B362E86A2048675800616FA2 /* Resources */ = {
			isa = PBXResourcesBuildPhase;
			buildActionMask = 2147483647;
			files = (
			);
			runOnlyForDeploymentPostprocessing = 0;
		};
/* End PBXResourcesBuildPhase section */

/* Begin PBXSourcesBuildPhase section */
		B362E8492048675800616FA2 /* Sources */ = {
			isa = PBXSourcesBuildPhase;
			buildActionMask = 2147483647;
			files = (
				B37CDA06204C86C900236227 /* CuentasViewController.swift in Sources */,
				B37CD9FE204BA92300236227 /* OrdenesTableViewCell.swift in Sources */,
				B362E8532048675800616FA2 /* ViewController.swift in Sources */,
				B37CDA08204ED07F00236227 /* SaldoUIPickerView.swift in Sources */,
				B37CDA02204BAC4300236227 /* funciones.swift in Sources */,
				B37CD9FC204BA90E00236227 /* OrdenesTableViewController.swift in Sources */,
				B37CDA00204BABB300236227 /* Orden.swift in Sources */,
				B362E8512048675800616FA2 /* AppDelegate.swift in Sources */,
				B37CDA04204C3EC500236227 /* CrearOrdenLimitViewController.swift in Sources */,
			);
			runOnlyForDeploymentPostprocessing = 0;
		};
		B362E85D2048675800616FA2 /* Sources */ = {
			isa = PBXSourcesBuildPhase;
			buildActionMask = 2147483647;
			files = (
				B362E8662048675800616FA2 /* ChauchasTests.swift in Sources */,
			);
			runOnlyForDeploymentPostprocessing = 0;
		};
		B362E8682048675800616FA2 /* Sources */ = {
			isa = PBXSourcesBuildPhase;
			buildActionMask = 2147483647;
			files = (
				B362E8712048675800616FA2 /* ChauchasUITests.swift in Sources */,
			);
			runOnlyForDeploymentPostprocessing = 0;
		};
/* End PBXSourcesBuildPhase section */

/* Begin PBXTargetDependency section */
		B362E8632048675800616FA2 /* PBXTargetDependency */ = {
			isa = PBXTargetDependency;
			target = B362E84C2048675800616FA2 /* Chauchas */;
			targetProxy = B362E8622048675800616FA2 /* PBXContainerItemProxy */;
		};
		B362E86E2048675800616FA2 /* PBXTargetDependency */ = {
			isa = PBXTargetDependency;
			target = B362E84C2048675800616FA2 /* Chauchas */;
			targetProxy = B362E86D2048675800616FA2 /* PBXContainerItemProxy */;
		};
/* End PBXTargetDependency section */

/* Begin PBXVariantGroup section */
		B362E8542048675800616FA2 /* Main.storyboard */ = {
			isa = PBXVariantGroup;
			children = (
				B362E8552048675800616FA2 /* Base */,
			);
			name = Main.storyboard;
			sourceTree = "<group>";
		};
		B362E8592048675800616FA2 /* LaunchScreen.storyboard */ = {
			isa = PBXVariantGroup;
			children = (
				B362E85A2048675800616FA2 /* Base */,
			);
			name = LaunchScreen.storyboard;
			sourceTree = "<group>";
		};
/* End PBXVariantGroup section */

/* Begin XCBuildConfiguration section */
		B362E8732048675900616FA2 /* Debug */ = {
			isa = XCBuildConfiguration;
			buildSettings = {
				ALWAYS_SEARCH_USER_PATHS = NO;
				CLANG_ANALYZER_NONNULL = YES;
				CLANG_ANALYZER_NUMBER_OBJECT_CONVERSION = YES_AGGRESSIVE;
				CLANG_CXX_LANGUAGE_STANDARD = "gnu++14";
				CLANG_CXX_LIBRARY = "libc++";
				CLANG_ENABLE_MODULES = YES;
				CLANG_ENABLE_OBJC_ARC = YES;
				CLANG_WARN_BLOCK_CAPTURE_AUTORELEASING = YES;
				CLANG_WARN_BOOL_CONVERSION = YES;
				CLANG_WARN_COMMA = YES;
				CLANG_WARN_CONSTANT_CONVERSION = YES;
				CLANG_WARN_DIRECT_OBJC_ISA_USAGE = YES_ERROR;
				CLANG_WARN_DOCUMENTATION_COMMENTS = YES;
				CLANG_WARN_EMPTY_BODY = YES;
				CLANG_WARN_ENUM_CONVERSION = YES;
				CLANG_WARN_INFINITE_RECURSION = YES;
				CLANG_WARN_INT_CONVERSION = YES;
				CLANG_WARN_NON_LITERAL_NULL_CONVERSION = YES;
				CLANG_WARN_OBJC_LITERAL_CONVERSION = YES;
				CLANG_WARN_OBJC_ROOT_CLASS = YES_ERROR;
				CLANG_WARN_RANGE_LOOP_ANALYSIS = YES;
				CLANG_WARN_STRICT_PROTOTYPES = YES;
				CLANG_WARN_SUSPICIOUS_MOVE = YES;
				CLANG_WARN_UNGUARDED_AVAILABILITY = YES_AGGRESSIVE;
				CLANG_WARN_UNREACHABLE_CODE = YES;
				CLANG_WARN__DUPLICATE_METHOD_MATCH = YES;
				CODE_SIGN_IDENTITY = "iPhone Developer";
				COPY_PHASE_STRIP = NO;
				DEBUG_INFORMATION_FORMAT = dwarf;
				ENABLE_STRICT_OBJC_MSGSEND = YES;
				ENABLE_TESTABILITY = YES;
				GCC_C_LANGUAGE_STANDARD = gnu11;
				GCC_DYNAMIC_NO_PIC = NO;
				GCC_NO_COMMON_BLOCKS = YES;
				GCC_OPTIMIZATION_LEVEL = 0;
				GCC_PREPROCESSOR_DEFINITIONS = (
					"DEBUG=1",
					"$(inherited)",
				);
				GCC_WARN_64_TO_32_BIT_CONVERSION = YES;
				GCC_WARN_ABOUT_RETURN_TYPE = YES_ERROR;
				GCC_WARN_UNDECLARED_SELECTOR = YES;
				GCC_WARN_UNINITIALIZED_AUTOS = YES_AGGRESSIVE;
				GCC_WARN_UNUSED_FUNCTION = YES;
				GCC_WARN_UNUSED_VARIABLE = YES;
				IPHONEOS_DEPLOYMENT_TARGET = 11.2;
				MTL_ENABLE_DEBUG_INFO = YES;
				ONLY_ACTIVE_ARCH = YES;
				SDKROOT = iphoneos;
				SWIFT_ACTIVE_COMPILATION_CONDITIONS = DEBUG;
				SWIFT_OPTIMIZATION_LEVEL = "-Onone";
			};
			name = Debug;
		};
		B362E8742048675900616FA2 /* Release */ = {
			isa = XCBuildConfiguration;
			buildSettings = {
				ALWAYS_SEARCH_USER_PATHS = NO;
				CLANG_ANALYZER_NONNULL = YES;
				CLANG_ANALYZER_NUMBER_OBJECT_CONVERSION = YES_AGGRESSIVE;
				CLANG_CXX_LANGUAGE_STANDARD = "gnu++14";
				CLANG_CXX_LIBRARY = "libc++";
				CLANG_ENABLE_MODULES = YES;
				CLANG_ENABLE_OBJC_ARC = YES;
				CLANG_WARN_BLOCK_CAPTURE_AUTORELEASING = YES;
				CLANG_WARN_BOOL_CONVERSION = YES;
				CLANG_WARN_COMMA = YES;
				CLANG_WARN_CONSTANT_CONVERSION = YES;
				CLANG_WARN_DIRECT_OBJC_ISA_USAGE = YES_ERROR;
				CLANG_WARN_DOCUMENTATION_COMMENTS = YES;
				CLANG_WARN_EMPTY_BODY = YES;
				CLANG_WARN_ENUM_CONVERSION = YES;
				CLANG_WARN_INFINITE_RECURSION = YES;
				CLANG_WARN_INT_CONVERSION = YES;
				CLANG_WARN_NON_LITERAL_NULL_CONVERSION = YES;
				CLANG_WARN_OBJC_LITERAL_CONVERSION = YES;
				CLANG_WARN_OBJC_ROOT_CLASS = YES_ERROR;
				CLANG_WARN_RANGE_LOOP_ANALYSIS = YES;
				CLANG_WARN_STRICT_PROTOTYPES = YES;
				CLANG_WARN_SUSPICIOUS_MOVE = YES;
				CLANG_WARN_UNGUARDED_AVAILABILITY = YES_AGGRESSIVE;
				CLANG_WARN_UNREACHABLE_CODE = YES;
				CLANG_WARN__DUPLICATE_METHOD_MATCH = YES;
				CODE_SIGN_IDENTITY = "iPhone Developer";
				COPY_PHASE_STRIP = NO;
				DEBUG_INFORMATION_FORMAT = "dwarf-with-dsym";
				ENABLE_NS_ASSERTIONS = NO;
				ENABLE_STRICT_OBJC_MSGSEND = YES;
				GCC_C_LANGUAGE_STANDARD = gnu11;
				GCC_NO_COMMON_BLOCKS = YES;
				GCC_WARN_64_TO_32_BIT_CONVERSION = YES;
				GCC_WARN_ABOUT_RETURN_TYPE = YES_ERROR;
				GCC_WARN_UNDECLARED_SELECTOR = YES;
				GCC_WARN_UNINITIALIZED_AUTOS = YES_AGGRESSIVE;
				GCC_WARN_UNUSED_FUNCTION = YES;
				GCC_WARN_UNUSED_VARIABLE = YES;
				IPHONEOS_DEPLOYMENT_TARGET = 11.2;
				MTL_ENABLE_DEBUG_INFO = NO;
				SDKROOT = iphoneos;
				SWIFT_OPTIMIZATION_LEVEL = "-Owholemodule";
				VALIDATE_PRODUCT = YES;
			};
			name = Release;
		};
		B362E8762048675900616FA2 /* Debug */ = {
			isa = XCBuildConfiguration;
			buildSettings = {
				ASSETCATALOG_COMPILER_APPICON_NAME = AppIcon;
				CLANG_ENABLE_MODULES = YES;
				CODE_SIGN_STYLE = Automatic;
				DEVELOPMENT_TEAM = PJAW6R6Y6U;
				INFOPLIST_FILE = Chauchas/Info.plist;
				LD_RUNPATH_SEARCH_PATHS = "$(inherited) @executable_path/Frameworks";
				PRODUCT_BUNDLE_IDENTIFIER = com.alvarogalia.Chauchas;
				PRODUCT_NAME = "$(TARGET_NAME)";
				SWIFT_OBJC_BRIDGING_HEADER = "Chauchas/Chauchas-Bridging-Header.h";
				SWIFT_OPTIMIZATION_LEVEL = "-Onone";
				SWIFT_VERSION = 4.0;
				TARGETED_DEVICE_FAMILY = "1,2";
			};
			name = Debug;
		};
		B362E8772048675900616FA2 /* Release */ = {
			isa = XCBuildConfiguration;
			buildSettings = {
				ASSETCATALOG_COMPILER_APPICON_NAME = AppIcon;
				CLANG_ENABLE_MODULES = YES;
				CODE_SIGN_STYLE = Automatic;
				DEVELOPMENT_TEAM = PJAW6R6Y6U;
				INFOPLIST_FILE = Chauchas/Info.plist;
				LD_RUNPATH_SEARCH_PATHS = "$(inherited) @executable_path/Frameworks";
				PRODUCT_BUNDLE_IDENTIFIER = com.alvarogalia.Chauchas;
				PRODUCT_NAME = "$(TARGET_NAME)";
				SWIFT_OBJC_BRIDGING_HEADER = "Chauchas/Chauchas-Bridging-Header.h";
				SWIFT_VERSION = 4.0;
				TARGETED_DEVICE_FAMILY = "1,2";
			};
			name = Release;
		};
		B362E8792048675900616FA2 /* Debug */ = {
			isa = XCBuildConfiguration;
			buildSettings = {
				ALWAYS_EMBED_SWIFT_STANDARD_LIBRARIES = YES;
				BUNDLE_LOADER = "$(TEST_HOST)";
				CODE_SIGN_STYLE = Automatic;
				DEVELOPMENT_TEAM = PJAW6R6Y6U;
				INFOPLIST_FILE = ChauchasTests/Info.plist;
				LD_RUNPATH_SEARCH_PATHS = "$(inherited) @executable_path/Frameworks @loader_path/Frameworks";
				PRODUCT_BUNDLE_IDENTIFIER = com.alvarogalia.ChauchasTests;
				PRODUCT_NAME = "$(TARGET_NAME)";
				SWIFT_VERSION = 4.0;
				TARGETED_DEVICE_FAMILY = "1,2";
				TEST_HOST = "$(BUILT_PRODUCTS_DIR)/Chauchas.app/Chauchas";
			};
			name = Debug;
		};
		B362E87A2048675900616FA2 /* Release */ = {
			isa = XCBuildConfiguration;
			buildSettings = {
				ALWAYS_EMBED_SWIFT_STANDARD_LIBRARIES = YES;
				BUNDLE_LOADER = "$(TEST_HOST)";
				CODE_SIGN_STYLE = Automatic;
				DEVELOPMENT_TEAM = PJAW6R6Y6U;
				INFOPLIST_FILE = ChauchasTests/Info.plist;
				LD_RUNPATH_SEARCH_PATHS = "$(inherited) @executable_path/Frameworks @loader_path/Frameworks";
				PRODUCT_BUNDLE_IDENTIFIER = com.alvarogalia.ChauchasTests;
				PRODUCT_NAME = "$(TARGET_NAME)";
				SWIFT_VERSION = 4.0;
				TARGETED_DEVICE_FAMILY = "1,2";
				TEST_HOST = "$(BUILT_PRODUCTS_DIR)/Chauchas.app/Chauchas";
			};
			name = Release;
		};
		B362E87C2048675900616FA2 /* Debug */ = {
			isa = XCBuildConfiguration;
			buildSettings = {
				ALWAYS_EMBED_SWIFT_STANDARD_LIBRARIES = YES;
				CODE_SIGN_STYLE = Automatic;
				DEVELOPMENT_TEAM = PJAW6R6Y6U;
				INFOPLIST_FILE = ChauchasUITests/Info.plist;
				LD_RUNPATH_SEARCH_PATHS = "$(inherited) @executable_path/Frameworks @loader_path/Frameworks";
				PRODUCT_BUNDLE_IDENTIFIER = com.alvarogalia.ChauchasUITests;
				PRODUCT_NAME = "$(TARGET_NAME)";
				SWIFT_VERSION = 4.0;
				TARGETED_DEVICE_FAMILY = "1,2";
				TEST_TARGET_NAME = Chauchas;
			};
			name = Debug;
		};
		B362E87D2048675900616FA2 /* Release */ = {
			isa = XCBuildConfiguration;
			buildSettings = {
				ALWAYS_EMBED_SWIFT_STANDARD_LIBRARIES = YES;
				CODE_SIGN_STYLE = Automatic;
				DEVELOPMENT_TEAM = PJAW6R6Y6U;
				INFOPLIST_FILE = ChauchasUITests/Info.plist;
				LD_RUNPATH_SEARCH_PATHS = "$(inherited) @executable_path/Frameworks @loader_path/Frameworks";
				PRODUCT_BUNDLE_IDENTIFIER = com.alvarogalia.ChauchasUITests;
				PRODUCT_NAME = "$(TARGET_NAME)";
				SWIFT_VERSION = 4.0;
				TARGETED_DEVICE_FAMILY = "1,2";
				TEST_TARGET_NAME = Chauchas;
			};
			name = Release;
		};
/* End XCBuildConfiguration section */

/* Begin XCConfigurationList section */
		B362E8482048675800616FA2 /* Build configuration list for PBXProject "Chauchas" */ = {
			isa = XCConfigurationList;
			buildConfigurations = (
				B362E8732048675900616FA2 /* Debug */,
				B362E8742048675900616FA2 /* Release */,
			);
			defaultConfigurationIsVisible = 0;
			defaultConfigurationName = Release;
		};
		B362E8752048675900616FA2 /* Build configuration list for PBXNativeTarget "Chauchas" */ = {
			isa = XCConfigurationList;
			buildConfigurations = (
				B362E8762048675900616FA2 /* Debug */,
				B362E8772048675900616FA2 /* Release */,
			);
			defaultConfigurationIsVisible = 0;
			defaultConfigurationName = Release;
		};
		B362E8782048675900616FA2 /* Build configuration list for PBXNativeTarget "ChauchasTests" */ = {
			isa = XCConfigurationList;
			buildConfigurations = (
				B362E8792048675900616FA2 /* Debug */,
				B362E87A2048675900616FA2 /* Release */,
			);
			defaultConfigurationIsVisible = 0;
			defaultConfigurationName = Release;
		};
		B362E87B2048675900616FA2 /* Build configuration list for PBXNativeTarget "ChauchasUITests" */ = {
			isa = XCConfigurationList;
			buildConfigurations = (
				B362E87C2048675900616FA2 /* Debug */,
				B362E87D2048675900616FA2 /* Release */,
			);
			defaultConfigurationIsVisible = 0;
			defaultConfigurationName = Release;
		};
/* End XCConfigurationList section */
	};
	rootObject = B362E8452048675800616FA2 /* Project object */;
}
